
Microsoft Visual Studio Solution File, Format Version 12.00
# Visual Studio Version 17
VisualStudioVersion = 17.7.34031.279
MinimumVisualStudioVersion = 10.0.40219.1
Project("{FAE04EC0-301F-11D3-BF4B-00C04F79EFBC}") = "MatrizBi", "MatrizBi\MatrizBi.csproj", "{5F2B791D-894A-4A20-B2B7-CD07EB0636BF}"
EndProject
Global
	GlobalSection(SolutionConfigurationPlatforms) = preSolution
		Debug|Any CPU = Debug|Any CPU
		Release|Any CPU = Release|Any CPU
	EndGlobalSection
	GlobalSection(ProjectConfigurationPlatforms) = postSolution
		{5F2B791D-894A-4A20-B2B7-CD07EB0636BF}.Debug|Any CPU.ActiveCfg = Debug|Any CPU
		{5F2B791D-894A-4A20-B2B7-CD07EB0636BF}.Debug|Any CPU.Build.0 = Debug|Any CPU
		{5F2B791D-894A-4A20-B2B7-CD07EB0636BF}.Release|Any CPU.ActiveCfg = Release|Any CPU
		{5F2B791D-894A-4A20-B2B7-CD07EB0636BF}.Release|Any CPU.Build.0 = Release|Any CPU
	EndGlobalSection
	GlobalSection(SolutionProperties) = preSolution
		HideSolutionNode = FALSE
	EndGlobalSection
	GlobalSection(ExtensibilityGlobals) = postSolution
		SolutionGuid = {B74B2FF9-BF3B-4EE5-87C1-2D71387C9510}
	EndGlobalSection
EndGlobal
